// !$*UTF8*$!
{
	archiveVersion = 1;
	classes = {
	};
	objectVersion = 55;
	objects = {

/* Begin PBXBuildFile section */
		A70E901D2804D8FF003BB62C /* AppDelegate.swift in Sources */ = {isa = PBXBuildFile; fileRef = A70E901C2804D8FF003BB62C /* AppDelegate.swift */; };
		A70E901F2804D8FF003BB62C /* SceneDelegate.swift in Sources */ = {isa = PBXBuildFile; fileRef = A70E901E2804D8FF003BB62C /* SceneDelegate.swift */; };
		A70E90212804D8FF003BB62C /* IntroViewController.swift in Sources */ = {isa = PBXBuildFile; fileRef = A70E90202804D8FF003BB62C /* IntroViewController.swift */; };
		A70E90262804D901003BB62C /* Assets.xcassets in Resources */ = {isa = PBXBuildFile; fileRef = A70E90252804D901003BB62C /* Assets.xcassets */; };
		A70E90292804D901003BB62C /* LaunchScreen.storyboard in Resources */ = {isa = PBXBuildFile; fileRef = A70E90272804D901003BB62C /* LaunchScreen.storyboard */; };
		A70E90342804D901003BB62C /* coraTests.swift in Sources */ = {isa = PBXBuildFile; fileRef = A70E90332804D901003BB62C /* coraTests.swift */; };
		A70E90532805E1C4003BB62C /* Localizable.strings in Resources */ = {isa = PBXBuildFile; fileRef = A70E90522805E1C4003BB62C /* Localizable.strings */; };
		A70E90562805E687003BB62C /* Localizing.swift in Sources */ = {isa = PBXBuildFile; fileRef = A70E90552805E687003BB62C /* Localizing.swift */; };
		A70E90582805E6FF003BB62C /* Strings.swift in Sources */ = {isa = PBXBuildFile; fileRef = A70E90572805E6FF003BB62C /* Strings.swift */; };
		A70E905B2805E950003BB62C /* Colors.swift in Sources */ = {isa = PBXBuildFile; fileRef = A70E905A2805E950003BB62C /* Colors.swift */; };
		A70E90602805ED82003BB62C /* Fonts.swift in Sources */ = {isa = PBXBuildFile; fileRef = A70E905F2805ED82003BB62C /* Fonts.swift */; };
		A70E90622805F3EB003BB62C /* SecondaryButton.swift in Sources */ = {isa = PBXBuildFile; fileRef = A70E90612805F3EB003BB62C /* SecondaryButton.swift */; };
		A70E90642805FE53003BB62C /* PrimaryButton.swift in Sources */ = {isa = PBXBuildFile; fileRef = A70E90632805FE53003BB62C /* PrimaryButton.swift */; };
		A70E906828063925003BB62C /* IntroFactory.swift in Sources */ = {isa = PBXBuildFile; fileRef = A70E906728063925003BB62C /* IntroFactory.swift */; };
		A70E906A2806395D003BB62C /* IntroInteractor.swift in Sources */ = {isa = PBXBuildFile; fileRef = A70E90692806395D003BB62C /* IntroInteractor.swift */; };
		A70E906C28063977003BB62C /* IntroCoordinator.swift in Sources */ = {isa = PBXBuildFile; fileRef = A70E906B28063977003BB62C /* IntroCoordinator.swift */; };
		A70E907128064120003BB62C /* CPFViewController.swift in Sources */ = {isa = PBXBuildFile; fileRef = A70E907028064120003BB62C /* CPFViewController.swift */; };
		A70E9076280F74CB003BB62C /* CPFInteractor.swift in Sources */ = {isa = PBXBuildFile; fileRef = A70E9075280F74CB003BB62C /* CPFInteractor.swift */; };
		A70E9078280F74DB003BB62C /* CPFPresenter.swift in Sources */ = {isa = PBXBuildFile; fileRef = A70E9077280F74DB003BB62C /* CPFPresenter.swift */; };
		A70E907A280F74EA003BB62C /* CPFCoordinator.swift in Sources */ = {isa = PBXBuildFile; fileRef = A70E9079280F74EA003BB62C /* CPFCoordinator.swift */; };
		A70E907C280F7680003BB62C /* CPFFactory.swift in Sources */ = {isa = PBXBuildFile; fileRef = A70E907B280F7680003BB62C /* CPFFactory.swift */; };
/* End PBXBuildFile section */

/* Begin PBXContainerItemProxy section */
		A70E90302804D901003BB62C /* PBXContainerItemProxy */ = {
			isa = PBXContainerItemProxy;
			containerPortal = A70E90112804D8FF003BB62C /* Project object */;
			proxyType = 1;
			remoteGlobalIDString = A70E90182804D8FF003BB62C;
			remoteInfo = cora;
		};
/* End PBXContainerItemProxy section */

/* Begin PBXFileReference section */
		A70E90192804D8FF003BB62C /* cora.app */ = {isa = PBXFileReference; explicitFileType = wrapper.application; includeInIndex = 0; path = cora.app; sourceTree = BUILT_PRODUCTS_DIR; };
		A70E901C2804D8FF003BB62C /* AppDelegate.swift */ = {isa = PBXFileReference; lastKnownFileType = sourcecode.swift; path = AppDelegate.swift; sourceTree = "<group>"; };
		A70E901E2804D8FF003BB62C /* SceneDelegate.swift */ = {isa = PBXFileReference; lastKnownFileType = sourcecode.swift; path = SceneDelegate.swift; sourceTree = "<group>"; };
		A70E90202804D8FF003BB62C /* IntroViewController.swift */ = {isa = PBXFileReference; lastKnownFileType = sourcecode.swift; path = IntroViewController.swift; sourceTree = "<group>"; };
		A70E90252804D901003BB62C /* Assets.xcassets */ = {isa = PBXFileReference; lastKnownFileType = folder.assetcatalog; path = Assets.xcassets; sourceTree = "<group>"; };
		A70E90282804D901003BB62C /* Base */ = {isa = PBXFileReference; lastKnownFileType = file.storyboard; name = Base; path = Base.lproj/LaunchScreen.storyboard; sourceTree = "<group>"; };
		A70E902A2804D901003BB62C /* Info.plist */ = {isa = PBXFileReference; lastKnownFileType = text.plist.xml; path = Info.plist; sourceTree = "<group>"; };
		A70E902F2804D901003BB62C /* coraTests.xctest */ = {isa = PBXFileReference; explicitFileType = wrapper.cfbundle; includeInIndex = 0; path = coraTests.xctest; sourceTree = BUILT_PRODUCTS_DIR; };
		A70E90332804D901003BB62C /* coraTests.swift */ = {isa = PBXFileReference; lastKnownFileType = sourcecode.swift; path = coraTests.swift; sourceTree = "<group>"; };
		A70E90522805E1C4003BB62C /* Localizable.strings */ = {isa = PBXFileReference; lastKnownFileType = text.plist.strings; path = Localizable.strings; sourceTree = "<group>"; };
		A70E90552805E687003BB62C /* Localizing.swift */ = {isa = PBXFileReference; lastKnownFileType = sourcecode.swift; path = Localizing.swift; sourceTree = "<group>"; };
		A70E90572805E6FF003BB62C /* Strings.swift */ = {isa = PBXFileReference; lastKnownFileType = sourcecode.swift; path = Strings.swift; sourceTree = "<group>"; };
		A70E905A2805E950003BB62C /* Colors.swift */ = {isa = PBXFileReference; lastKnownFileType = sourcecode.swift; path = Colors.swift; sourceTree = "<group>"; };
		A70E905F2805ED82003BB62C /* Fonts.swift */ = {isa = PBXFileReference; lastKnownFileType = sourcecode.swift; path = Fonts.swift; sourceTree = "<group>"; };
		A70E90612805F3EB003BB62C /* SecondaryButton.swift */ = {isa = PBXFileReference; lastKnownFileType = sourcecode.swift; path = SecondaryButton.swift; sourceTree = "<group>"; };
		A70E90632805FE53003BB62C /* PrimaryButton.swift */ = {isa = PBXFileReference; lastKnownFileType = sourcecode.swift; path = PrimaryButton.swift; sourceTree = "<group>"; };
		A70E906728063925003BB62C /* IntroFactory.swift */ = {isa = PBXFileReference; lastKnownFileType = sourcecode.swift; path = IntroFactory.swift; sourceTree = "<group>"; };
		A70E90692806395D003BB62C /* IntroInteractor.swift */ = {isa = PBXFileReference; lastKnownFileType = sourcecode.swift; path = IntroInteractor.swift; sourceTree = "<group>"; };
		A70E906B28063977003BB62C /* IntroCoordinator.swift */ = {isa = PBXFileReference; lastKnownFileType = sourcecode.swift; path = IntroCoordinator.swift; sourceTree = "<group>"; };
		A70E907028064120003BB62C /* CPFViewController.swift */ = {isa = PBXFileReference; lastKnownFileType = sourcecode.swift; path = CPFViewController.swift; sourceTree = "<group>"; };
		A70E9075280F74CB003BB62C /* CPFInteractor.swift */ = {isa = PBXFileReference; lastKnownFileType = sourcecode.swift; path = CPFInteractor.swift; sourceTree = "<group>"; };
		A70E9077280F74DB003BB62C /* CPFPresenter.swift */ = {isa = PBXFileReference; lastKnownFileType = sourcecode.swift; path = CPFPresenter.swift; sourceTree = "<group>"; };
		A70E9079280F74EA003BB62C /* CPFCoordinator.swift */ = {isa = PBXFileReference; lastKnownFileType = sourcecode.swift; path = CPFCoordinator.swift; sourceTree = "<group>"; };
		A70E907B280F7680003BB62C /* CPFFactory.swift */ = {isa = PBXFileReference; lastKnownFileType = sourcecode.swift; path = CPFFactory.swift; sourceTree = "<group>"; };
/* End PBXFileReference section */

/* Begin PBXFrameworksBuildPhase section */
		A70E90162804D8FF003BB62C /* Frameworks */ = {
			isa = PBXFrameworksBuildPhase;
			buildActionMask = 2147483647;
			files = (
			);
			runOnlyForDeploymentPostprocessing = 0;
		};
		A70E902C2804D901003BB62C /* Frameworks */ = {
			isa = PBXFrameworksBuildPhase;
			buildActionMask = 2147483647;
			files = (
			);
			runOnlyForDeploymentPostprocessing = 0;
		};
/* End PBXFrameworksBuildPhase section */

/* Begin PBXGroup section */
		A70E90102804D8FF003BB62C = {
			isa = PBXGroup;
			children = (
				A70E901B2804D8FF003BB62C /* cora */,
				A70E90322804D901003BB62C /* coraTests */,
				A70E901A2804D8FF003BB62C /* Products */,
			);
			sourceTree = "<group>";
		};
		A70E901A2804D8FF003BB62C /* Products */ = {
			isa = PBXGroup;
			children = (
				A70E90192804D8FF003BB62C /* cora.app */,
				A70E902F2804D901003BB62C /* coraTests.xctest */,
			);
			name = Products;
			sourceTree = "<group>";
		};
		A70E901B2804D8FF003BB62C /* cora */ = {
			isa = PBXGroup;
			children = (
				A70E904E2804DC10003BB62C /* AppConfiguration */,
				A70E904C2804DB97003BB62C /* Resources */,
				A70E904D2804DBC0003BB62C /* Scenes */,
				A70E905C2805ED54003BB62C /* UI */,
			);
			path = cora;
			sourceTree = "<group>";
		};
		A70E90322804D901003BB62C /* coraTests */ = {
			isa = PBXGroup;
			children = (
				A70E90332804D901003BB62C /* coraTests.swift */,
			);
			path = coraTests;
			sourceTree = "<group>";
		};
		A70E904C2804DB97003BB62C /* Resources */ = {
			isa = PBXGroup;
			children = (
				A70E90252804D901003BB62C /* Assets.xcassets */,
				A70E90272804D901003BB62C /* LaunchScreen.storyboard */,
				A70E902A2804D901003BB62C /* Info.plist */,
			);
			path = Resources;
			sourceTree = "<group>";
		};
		A70E904D2804DBC0003BB62C /* Scenes */ = {
			isa = PBXGroup;
			children = (
				A70E906D28063F57003BB62C /* CPF */,
				A70E906628060575003BB62C /* Intro */,
				A70E90542805E3FB003BB62C /* Localizable */,
			);
			path = Scenes;
			sourceTree = "<group>";
		};
		A70E904E2804DC10003BB62C /* AppConfiguration */ = {
			isa = PBXGroup;
			children = (
				A70E901C2804D8FF003BB62C /* AppDelegate.swift */,
				A70E901E2804D8FF003BB62C /* SceneDelegate.swift */,
			);
			path = AppConfiguration;
			sourceTree = "<group>";
		};
		A70E90542805E3FB003BB62C /* Localizable */ = {
			isa = PBXGroup;
			children = (
				A70E90552805E687003BB62C /* Localizing.swift */,
				A70E90522805E1C4003BB62C /* Localizable.strings */,
				A70E90572805E6FF003BB62C /* Strings.swift */,
			);
			path = Localizable;
			sourceTree = "<group>";
		};
		A70E90592805E940003BB62C /* Color */ = {
			isa = PBXGroup;
			children = (
				A70E905A2805E950003BB62C /* Colors.swift */,
			);
			path = Color;
			sourceTree = "<group>";
		};
		A70E905C2805ED54003BB62C /* UI */ = {
			isa = PBXGroup;
			children = (
				A70E905D2805ED61003BB62C /* Typography */,
				A70E90592805E940003BB62C /* Color */,
				A70E90652805FE66003BB62C /* CommomViews */,
			);
			path = UI;
			sourceTree = "<group>";
		};
		A70E905D2805ED61003BB62C /* Typography */ = {
			isa = PBXGroup;
			children = (
				A70E905F2805ED82003BB62C /* Fonts.swift */,
			);
			path = Typography;
			sourceTree = "<group>";
		};
		A70E90652805FE66003BB62C /* CommomViews */ = {
			isa = PBXGroup;
			children = (
				A70E90632805FE53003BB62C /* PrimaryButton.swift */,
				A70E90612805F3EB003BB62C /* SecondaryButton.swift */,
			);
			path = CommomViews;
			sourceTree = "<group>";
		};
		A70E906628060575003BB62C /* Intro */ = {
			isa = PBXGroup;
			children = (
				A70E90202804D8FF003BB62C /* IntroViewController.swift */,
				A70E906728063925003BB62C /* IntroFactory.swift */,
				A70E90692806395D003BB62C /* IntroInteractor.swift */,
				A70E906B28063977003BB62C /* IntroCoordinator.swift */,
			);
			path = Intro;
			sourceTree = "<group>";
		};
		A70E906D28063F57003BB62C /* CPF */ = {
			isa = PBXGroup;
			children = (
				A70E907028064120003BB62C /* CPFViewController.swift */,
				A70E9075280F74CB003BB62C /* CPFInteractor.swift */,
				A70E9077280F74DB003BB62C /* CPFPresenter.swift */,
				A70E9079280F74EA003BB62C /* CPFCoordinator.swift */,
				A70E907B280F7680003BB62C /* CPFFactory.swift */,
			);
			path = CPF;
			sourceTree = "<group>";
		};
/* End PBXGroup section */

/* Begin PBXNativeTarget section */
		A70E90182804D8FF003BB62C /* cora */ = {
			isa = PBXNativeTarget;
			buildConfigurationList = A70E90432804D901003BB62C /* Build configuration list for PBXNativeTarget "cora" */;
			buildPhases = (
				A70E90152804D8FF003BB62C /* Sources */,
				A70E90162804D8FF003BB62C /* Frameworks */,
				A70E90172804D8FF003BB62C /* Resources */,
			);
			buildRules = (
			);
			dependencies = (
			);
			name = cora;
			productName = cora;
			productReference = A70E90192804D8FF003BB62C /* cora.app */;
			productType = "com.apple.product-type.application";
		};
		A70E902E2804D901003BB62C /* coraTests */ = {
			isa = PBXNativeTarget;
			buildConfigurationList = A70E90462804D901003BB62C /* Build configuration list for PBXNativeTarget "coraTests" */;
			buildPhases = (
				A70E902B2804D901003BB62C /* Sources */,
				A70E902C2804D901003BB62C /* Frameworks */,
				A70E902D2804D901003BB62C /* Resources */,
			);
			buildRules = (
			);
			dependencies = (
				A70E90312804D901003BB62C /* PBXTargetDependency */,
			);
			name = coraTests;
			productName = coraTests;
			productReference = A70E902F2804D901003BB62C /* coraTests.xctest */;
			productType = "com.apple.product-type.bundle.unit-test";
		};
/* End PBXNativeTarget section */

/* Begin PBXProject section */
		A70E90112804D8FF003BB62C /* Project object */ = {
			isa = PBXProject;
			attributes = {
				BuildIndependentTargetsInParallel = 1;
				LastSwiftUpdateCheck = 1320;
				LastUpgradeCheck = 1320;
				TargetAttributes = {
					A70E90182804D8FF003BB62C = {
						CreatedOnToolsVersion = 13.2.1;
					};
					A70E902E2804D901003BB62C = {
						CreatedOnToolsVersion = 13.2.1;
						TestTargetID = A70E90182804D8FF003BB62C;
					};
				};
			};
			buildConfigurationList = A70E90142804D8FF003BB62C /* Build configuration list for PBXProject "cora" */;
			compatibilityVersion = "Xcode 13.0";
			developmentRegion = en;
			hasScannedForEncodings = 0;
			knownRegions = (
				en,
				Base,
			);
			mainGroup = A70E90102804D8FF003BB62C;
			productRefGroup = A70E901A2804D8FF003BB62C /* Products */;
			projectDirPath = "";
			projectRoot = "";
			targets = (
				A70E90182804D8FF003BB62C /* cora */,
				A70E902E2804D901003BB62C /* coraTests */,
			);
		};
/* End PBXProject section */

/* Begin PBXResourcesBuildPhase section */
		A70E90172804D8FF003BB62C /* Resources */ = {
			isa = PBXResourcesBuildPhase;
			buildActionMask = 2147483647;
			files = (
				A70E90292804D901003BB62C /* LaunchScreen.storyboard in Resources */,
				A70E90532805E1C4003BB62C /* Localizable.strings in Resources */,
				A70E90262804D901003BB62C /* Assets.xcassets in Resources */,
			);
			runOnlyForDeploymentPostprocessing = 0;
		};
		A70E902D2804D901003BB62C /* Resources */ = {
			isa = PBXResourcesBuildPhase;
			buildActionMask = 2147483647;
			files = (
			);
			runOnlyForDeploymentPostprocessing = 0;
		};
/* End PBXResourcesBuildPhase section */

/* Begin PBXSourcesBuildPhase section */
		A70E90152804D8FF003BB62C /* Sources */ = {
			isa = PBXSourcesBuildPhase;
			buildActionMask = 2147483647;
			files = (
				A70E90642805FE53003BB62C /* PrimaryButton.swift in Sources */,
				A70E9076280F74CB003BB62C /* CPFInteractor.swift in Sources */,
				A70E906A2806395D003BB62C /* IntroInteractor.swift in Sources */,
				A70E907128064120003BB62C /* CPFViewController.swift in Sources */,
				A70E90602805ED82003BB62C /* Fonts.swift in Sources */,
				A70E90212804D8FF003BB62C /* IntroViewController.swift in Sources */,
				A70E906828063925003BB62C /* IntroFactory.swift in Sources */,
				A70E906C28063977003BB62C /* IntroCoordinator.swift in Sources */,
				A70E905B2805E950003BB62C /* Colors.swift in Sources */,
				A70E901D2804D8FF003BB62C /* AppDelegate.swift in Sources */,
				A70E90582805E6FF003BB62C /* Strings.swift in Sources */,
				A70E907C280F7680003BB62C /* CPFFactory.swift in Sources */,
				A70E901F2804D8FF003BB62C /* SceneDelegate.swift in Sources */,
				A70E907A280F74EA003BB62C /* CPFCoordinator.swift in Sources */,
				A70E90622805F3EB003BB62C /* SecondaryButton.swift in Sources */,
				A70E9078280F74DB003BB62C /* CPFPresenter.swift in Sources */,
				A70E90562805E687003BB62C /* Localizing.swift in Sources */,
			);
			runOnlyForDeploymentPostprocessing = 0;
		};
		A70E902B2804D901003BB62C /* Sources */ = {
			isa = PBXSourcesBuildPhase;
			buildActionMask = 2147483647;
			files = (
				A70E90342804D901003BB62C /* coraTests.swift in Sources */,
			);
			runOnlyForDeploymentPostprocessing = 0;
		};
/* End PBXSourcesBuildPhase section */

/* Begin PBXTargetDependency section */
		A70E90312804D901003BB62C /* PBXTargetDependency */ = {
			isa = PBXTargetDependency;
			target = A70E90182804D8FF003BB62C /* cora */;
			targetProxy = A70E90302804D901003BB62C /* PBXContainerItemProxy */;
		};
/* End PBXTargetDependency section */

/* Begin PBXVariantGroup section */
		A70E90272804D901003BB62C /* LaunchScreen.storyboard */ = {
			isa = PBXVariantGroup;
			children = (
				A70E90282804D901003BB62C /* Base */,
			);
			name = LaunchScreen.storyboard;
			sourceTree = "<group>";
		};
/* End PBXVariantGroup section */

/* Begin XCBuildConfiguration section */
		A70E90412804D901003BB62C /* Debug */ = {
			isa = XCBuildConfiguration;
			buildSettings = {
				ALWAYS_SEARCH_USER_PATHS = NO;
				CLANG_ANALYZER_NONNULL = YES;
				CLANG_ANALYZER_NUMBER_OBJECT_CONVERSION = YES_AGGRESSIVE;
				CLANG_CXX_LANGUAGE_STANDARD = "gnu++17";
				CLANG_CXX_LIBRARY = "libc++";
				CLANG_ENABLE_MODULES = YES;
				CLANG_ENABLE_OBJC_ARC = YES;
				CLANG_ENABLE_OBJC_WEAK = YES;
				CLANG_WARN_BLOCK_CAPTURE_AUTORELEASING = YES;
				CLANG_WARN_BOOL_CONVERSION = YES;
				CLANG_WARN_COMMA = YES;
				CLANG_WARN_CONSTANT_CONVERSION = YES;
				CLANG_WARN_DEPRECATED_OBJC_IMPLEMENTATIONS = YES;
				CLANG_WARN_DIRECT_OBJC_ISA_USAGE = YES_ERROR;
				CLANG_WARN_DOCUMENTATION_COMMENTS = YES;
				CLANG_WARN_EMPTY_BODY = YES;
				CLANG_WARN_ENUM_CONVERSION = YES;
				CLANG_WARN_INFINITE_RECURSION = YES;
				CLANG_WARN_INT_CONVERSION = YES;
				CLANG_WARN_NON_LITERAL_NULL_CONVERSION = YES;
				CLANG_WARN_OBJC_IMPLICIT_RETAIN_SELF = YES;
				CLANG_WARN_OBJC_LITERAL_CONVERSION = YES;
				CLANG_WARN_OBJC_ROOT_CLASS = YES_ERROR;
				CLANG_WARN_QUOTED_INCLUDE_IN_FRAMEWORK_HEADER = YES;
				CLANG_WARN_RANGE_LOOP_ANALYSIS = YES;
				CLANG_WARN_STRICT_PROTOTYPES = YES;
				CLANG_WARN_SUSPICIOUS_MOVE = YES;
				CLANG_WARN_UNGUARDED_AVAILABILITY = YES_AGGRESSIVE;
				CLANG_WARN_UNREACHABLE_CODE = YES;
				CLANG_WARN__DUPLICATE_METHOD_MATCH = YES;
				COPY_PHASE_STRIP = NO;
				DEBUG_INFORMATION_FORMAT = dwarf;
				ENABLE_STRICT_OBJC_MSGSEND = YES;
				ENABLE_TESTABILITY = YES;
				GCC_C_LANGUAGE_STANDARD = gnu11;
				GCC_DYNAMIC_NO_PIC = NO;
				GCC_NO_COMMON_BLOCKS = YES;
				GCC_OPTIMIZATION_LEVEL = 0;
				GCC_PREPROCESSOR_DEFINITIONS = (
					"DEBUG=1",
					"$(inherited)",
				);
				GCC_WARN_64_TO_32_BIT_CONVERSION = YES;
				GCC_WARN_ABOUT_RETURN_TYPE = YES_ERROR;
				GCC_WARN_UNDECLARED_SELECTOR = YES;
				GCC_WARN_UNINITIALIZED_AUTOS = YES_AGGRESSIVE;
				GCC_WARN_UNUSED_FUNCTION = YES;
				GCC_WARN_UNUSED_VARIABLE = YES;
				IPHONEOS_DEPLOYMENT_TARGET = 15.2;
				MTL_ENABLE_DEBUG_INFO = INCLUDE_SOURCE;
				MTL_FAST_MATH = YES;
				ONLY_ACTIVE_ARCH = YES;
				SDKROOT = iphoneos;
				SWIFT_ACTIVE_COMPILATION_CONDITIONS = DEBUG;
				SWIFT_OPTIMIZATION_LEVEL = "-Onone";
			};
			name = Debug;
		};
		A70E90422804D901003BB62C /* Release */ = {
			isa = XCBuildConfiguration;
			buildSettings = {
				ALWAYS_SEARCH_USER_PATHS = NO;
				CLANG_ANALYZER_NONNULL = YES;
				CLANG_ANALYZER_NUMBER_OBJECT_CONVERSION = YES_AGGRESSIVE;
				CLANG_CXX_LANGUAGE_STANDARD = "gnu++17";
				CLANG_CXX_LIBRARY = "libc++";
				CLANG_ENABLE_MODULES = YES;
				CLANG_ENABLE_OBJC_ARC = YES;
				CLANG_ENABLE_OBJC_WEAK = YES;
				CLANG_WARN_BLOCK_CAPTURE_AUTORELEASING = YES;
				CLANG_WARN_BOOL_CONVERSION = YES;
				CLANG_WARN_COMMA = YES;
				CLANG_WARN_CONSTANT_CONVERSION = YES;
				CLANG_WARN_DEPRECATED_OBJC_IMPLEMENTATIONS = YES;
				CLANG_WARN_DIRECT_OBJC_ISA_USAGE = YES_ERROR;
				CLANG_WARN_DOCUMENTATION_COMMENTS = YES;
				CLANG_WARN_EMPTY_BODY = YES;
				CLANG_WARN_ENUM_CONVERSION = YES;
				CLANG_WARN_INFINITE_RECURSION = YES;
				CLANG_WARN_INT_CONVERSION = YES;
				CLANG_WARN_NON_LITERAL_NULL_CONVERSION = YES;
				CLANG_WARN_OBJC_IMPLICIT_RETAIN_SELF = YES;
				CLANG_WARN_OBJC_LITERAL_CONVERSION = YES;
				CLANG_WARN_OBJC_ROOT_CLASS = YES_ERROR;
				CLANG_WARN_QUOTED_INCLUDE_IN_FRAMEWORK_HEADER = YES;
				CLANG_WARN_RANGE_LOOP_ANALYSIS = YES;
				CLANG_WARN_STRICT_PROTOTYPES = YES;
				CLANG_WARN_SUSPICIOUS_MOVE = YES;
				CLANG_WARN_UNGUARDED_AVAILABILITY = YES_AGGRESSIVE;
				CLANG_WARN_UNREACHABLE_CODE = YES;
				CLANG_WARN__DUPLICATE_METHOD_MATCH = YES;
				COPY_PHASE_STRIP = NO;
				DEBUG_INFORMATION_FORMAT = "dwarf-with-dsym";
				ENABLE_NS_ASSERTIONS = NO;
				ENABLE_STRICT_OBJC_MSGSEND = YES;
				GCC_C_LANGUAGE_STANDARD = gnu11;
				GCC_NO_COMMON_BLOCKS = YES;
				GCC_WARN_64_TO_32_BIT_CONVERSION = YES;
				GCC_WARN_ABOUT_RETURN_TYPE = YES_ERROR;
				GCC_WARN_UNDECLARED_SELECTOR = YES;
				GCC_WARN_UNINITIALIZED_AUTOS = YES_AGGRESSIVE;
				GCC_WARN_UNUSED_FUNCTION = YES;
				GCC_WARN_UNUSED_VARIABLE = YES;
				IPHONEOS_DEPLOYMENT_TARGET = 15.2;
				MTL_ENABLE_DEBUG_INFO = NO;
				MTL_FAST_MATH = YES;
				SDKROOT = iphoneos;
				SWIFT_COMPILATION_MODE = wholemodule;
				SWIFT_OPTIMIZATION_LEVEL = "-O";
				VALIDATE_PRODUCT = YES;
			};
			name = Release;
		};
		A70E90442804D901003BB62C /* Debug */ = {
			isa = XCBuildConfiguration;
			buildSettings = {
				ASSETCATALOG_COMPILER_APPICON_NAME = AppIcon;
				ASSETCATALOG_COMPILER_GLOBAL_ACCENT_COLOR_NAME = AccentColor;
				CODE_SIGN_STYLE = Automatic;
				CURRENT_PROJECT_VERSION = 1;
				GENERATE_INFOPLIST_FILE = YES;
				INFOPLIST_FILE = cora/Resources/Info.plist;
				INFOPLIST_KEY_UIApplicationSupportsIndirectInputEvents = YES;
				INFOPLIST_KEY_UILaunchStoryboardName = LaunchScreen;
				INFOPLIST_KEY_UISupportedInterfaceOrientations_iPad = "UIInterfaceOrientationPortrait UIInterfaceOrientationPortraitUpsideDown UIInterfaceOrientationLandscapeLeft UIInterfaceOrientationLandscapeRight";
				INFOPLIST_KEY_UISupportedInterfaceOrientations_iPhone = "UIInterfaceOrientationPortrait UIInterfaceOrientationLandscapeLeft UIInterfaceOrientationLandscapeRight";
				LD_RUNPATH_SEARCH_PATHS = (
					"$(inherited)",
					"@executable_path/Frameworks",
				);
				MARKETING_VERSION = 1.0;
				PRODUCT_BUNDLE_IDENTIFIER = clau.cora;
				PRODUCT_NAME = "$(TARGET_NAME)";
				SWIFT_EMIT_LOC_STRINGS = YES;
				SWIFT_VERSION = 5.0;
				TARGETED_DEVICE_FAMILY = "1,2";
			};
			name = Debug;
		};
		A70E90452804D901003BB62C /* Release */ = {
			isa = XCBuildConfiguration;
			buildSettings = {
				ASSETCATALOG_COMPILER_APPICON_NAME = AppIcon;
				ASSETCATALOG_COMPILER_GLOBAL_ACCENT_COLOR_NAME = AccentColor;
				CODE_SIGN_STYLE = Automatic;
				CURRENT_PROJECT_VERSION = 1;
				GENERATE_INFOPLIST_FILE = YES;
				INFOPLIST_FILE = cora/Resources/Info.plist;
				INFOPLIST_KEY_UIApplicationSupportsIndirectInputEvents = YES;
				INFOPLIST_KEY_UILaunchStoryboardName = LaunchScreen;
				INFOPLIST_KEY_UISupportedInterfaceOrientations_iPad = "UIInterfaceOrientationPortrait UIInterfaceOrientationPortraitUpsideDown UIInterfaceOrientationLandscapeLeft UIInterfaceOrientationLandscapeRight";
				INFOPLIST_KEY_UISupportedInterfaceOrientations_iPhone = "UIInterfaceOrientationPortrait UIInterfaceOrientationLandscapeLeft UIInterfaceOrientationLandscapeRight";
				LD_RUNPATH_SEARCH_PATHS = (
					"$(inherited)",
					"@executable_path/Frameworks",
				);
				MARKETING_VERSION = 1.0;
				PRODUCT_BUNDLE_IDENTIFIER = clau.cora;
				PRODUCT_NAME = "$(TARGET_NAME)";
				SWIFT_EMIT_LOC_STRINGS = YES;
				SWIFT_VERSION = 5.0;
				TARGETED_DEVICE_FAMILY = "1,2";
			};
			name = Release;
		};
		A70E90472804D901003BB62C /* Debug */ = {
			isa = XCBuildConfiguration;
			buildSettings = {
				ALWAYS_EMBED_SWIFT_STANDARD_LIBRARIES = YES;
				BUNDLE_LOADER = "$(TEST_HOST)";
				CODE_SIGN_STYLE = Automatic;
				CURRENT_PROJECT_VERSION = 1;
				GENERATE_INFOPLIST_FILE = YES;
				IPHONEOS_DEPLOYMENT_TARGET = 15.2;
				MARKETING_VERSION = 1.0;
				PRODUCT_BUNDLE_IDENTIFIER = clau.coraTests;
				PRODUCT_NAME = "$(TARGET_NAME)";
				SWIFT_EMIT_LOC_STRINGS = NO;
				SWIFT_VERSION = 5.0;
				TARGETED_DEVICE_FAMILY = "1,2";
				TEST_HOST = "$(BUILT_PRODUCTS_DIR)/cora.app/cora";
			};
			name = Debug;
		};
		A70E90482804D901003BB62C /* Release */ = {
			isa = XCBuildConfiguration;
			buildSettings = {
				ALWAYS_EMBED_SWIFT_STANDARD_LIBRARIES = YES;
				BUNDLE_LOADER = "$(TEST_HOST)";
				CODE_SIGN_STYLE = Automatic;
				CURRENT_PROJECT_VERSION = 1;
				GENERATE_INFOPLIST_FILE = YES;
				IPHONEOS_DEPLOYMENT_TARGET = 15.2;
				MARKETING_VERSION = 1.0;
				PRODUCT_BUNDLE_IDENTIFIER = clau.coraTests;
				PRODUCT_NAME = "$(TARGET_NAME)";
				SWIFT_EMIT_LOC_STRINGS = NO;
				SWIFT_VERSION = 5.0;
				TARGETED_DEVICE_FAMILY = "1,2";
				TEST_HOST = "$(BUILT_PRODUCTS_DIR)/cora.app/cora";
			};
			name = Release;
		};
/* End XCBuildConfiguration section */

/* Begin XCConfigurationList section */
		A70E90142804D8FF003BB62C /* Build configuration list for PBXProject "cora" */ = {
			isa = XCConfigurationList;
			buildConfigurations = (
				A70E90412804D901003BB62C /* Debug */,
				A70E90422804D901003BB62C /* Release */,
			);
			defaultConfigurationIsVisible = 0;
			defaultConfigurationName = Release;
		};
		A70E90432804D901003BB62C /* Build configuration list for PBXNativeTarget "cora" */ = {
			isa = XCConfigurationList;
			buildConfigurations = (
				A70E90442804D901003BB62C /* Debug */,
				A70E90452804D901003BB62C /* Release */,
			);
			defaultConfigurationIsVisible = 0;
			defaultConfigurationName = Release;
		};
		A70E90462804D901003BB62C /* Build configuration list for PBXNativeTarget "coraTests" */ = {
			isa = XCConfigurationList;
			buildConfigurations = (
				A70E90472804D901003BB62C /* Debug */,
				A70E90482804D901003BB62C /* Release */,
			);
			defaultConfigurationIsVisible = 0;
			defaultConfigurationName = Release;
		};
/* End XCConfigurationList section */
	};
	rootObject = A70E90112804D8FF003BB62C /* Project object */;
}
